# THIS IS AN AUTOGENERATED FILE. DO NOT EDIT THIS FILE DIRECTLY.
# yarn lockfile v1


"@babel/parser@^7.16.4":
  version "7.18.11"
  resolved "http://artifactory.intra.xiaojukeji.com/artifactory/api/npm/npm/@babel/parser/-/parser-7.18.11.tgz?dl=https%3A%2F%2Fregistry.npmmirror.com%2F%40babel%2Fparser%2F-%2Fparser-7.18.11.tgz#68bb07ab3d380affa9a3f96728df07969645d2d9"
  integrity sha1-aLsHqz04Cv+po/lnKN8HlpZF0tk=

"@esbuild/linux-loong64@0.14.54":
  version "0.14.54"
  resolved "http://artifactory.intra.xiaojukeji.com/artifactory/api/npm/npm/@esbuild/linux-loong64/-/linux-loong64-0.14.54.tgz?dl=https%3A%2F%2Fregistry.npmmirror.com%2F%40esbuild%2Flinux-loong64%2F-%2Flinux-loong64-0.14.54.tgz#de2a4be678bd4d0d1ffbb86e6de779cde5999028"
  integrity sha1-3ipL5ni9TQ0f+7hubed5zeWZkCg=

"@vitejs/plugin-vue@^3.0.0":
  version "3.0.1"
  resolved "http://artifactory.intra.xiaojukeji.com/artifactory/api/npm/npm/@vitejs/plugin-vue/-/plugin-vue-3.0.1.tgz?dl=https%3A%2F%2Fregistry.npmmirror.com%2F%40vitejs%2Fplugin-vue%2F-%2Fplugin-vue-3.0.1.tgz#b6af8f782485374bbb5fe09edf067a845bf4caae"
  integrity sha1-tq+PeCSFN0u7X+Ce3wZ6hFv0yq4=

"@volar/code-gen@0.38.9":
  version "0.38.9"
  resolved "http://artifactory.intra.xiaojukeji.com/artifactory/api/npm/npm/@volar/code-gen/-/code-gen-0.38.9.tgz?dl=https%3A%2F%2Fregistry.npmmirror.com%2F%40volar%2Fcode-gen%2F-%2Fcode-gen-0.38.9.tgz#8fed2c6a472c8f11ce695b08789bcc22b08e7fa6"
  integrity sha1-j+0sakcsjxHOaVsIeJvMIrCOf6Y=
  dependencies:
    "@volar/source-map" "0.38.9"

"@volar/source-map@0.38.9":
  version "0.38.9"
  resolved "http://artifactory.intra.xiaojukeji.com/artifactory/api/npm/npm/@volar/source-map/-/source-map-0.38.9.tgz?dl=https%3A%2F%2Fregistry.npmmirror.com%2F%40volar%2Fsource-map%2F-%2Fsource-map-0.38.9.tgz#935d6def4b4342e8e2d63cd8e6bf9bf1155c58d8"
  integrity sha1-k11t70tDQuji1jzY5r+b8RVcWNg=

"@volar/vue-code-gen@0.38.9":
  version "0.38.9"
  resolved "http://artifactory.intra.xiaojukeji.com/artifactory/api/npm/npm/@volar/vue-code-gen/-/vue-code-gen-0.38.9.tgz?dl=https%3A%2F%2Fregistry.npmmirror.com%2F%40volar%2Fvue-code-gen%2F-%2Fvue-code-gen-0.38.9.tgz#878f00fec82a2fc300396d70e26b0ea29952f740"
  integrity sha1-h48A/sgqL8MAOW1w4msOoplS90A=
  dependencies:
    "@volar/code-gen" "0.38.9"
    "@volar/source-map" "0.38.9"
    "@vue/compiler-core" "^3.2.37"
    "@vue/compiler-dom" "^3.2.37"
    "@vue/shared" "^3.2.37"

"@volar/vue-typescript@0.38.9":
  version "0.38.9"
  resolved "http://artifactory.intra.xiaojukeji.com/artifactory/api/npm/npm/@volar/vue-typescript/-/vue-typescript-0.38.9.tgz?dl=https%3A%2F%2Fregistry.npmmirror.com%2F%40volar%2Fvue-typescript%2F-%2Fvue-typescript-0.38.9.tgz#e5dfdc6f0d6dbea683647cd477fafbd483983b35"
  integrity sha1-5d/cbw1tvqaDZHzUd/r71IOYOzU=
  dependencies:
    "@volar/code-gen" "0.38.9"
    "@volar/source-map" "0.38.9"
    "@volar/vue-code-gen" "0.38.9"
    "@vue/compiler-sfc" "^3.2.37"
    "@vue/reactivity" "^3.2.37"

"@vue/compiler-core@3.2.37", "@vue/compiler-core@^3.2.37":
  version "3.2.37"
  resolved "http://artifactory.intra.xiaojukeji.com/artifactory/api/npm/npm/@vue/compiler-core/-/compiler-core-3.2.37.tgz?dl=https%3A%2F%2Fregistry.npmmirror.com%2F%40vue%2Fcompiler-core%2F-%2Fcompiler-core-3.2.37.tgz#b3c42e04c0e0f2c496ff1784e543fbefe91e215a"
  integrity sha1-s8QuBMDg8sSW/xeE5UP77+keIVo=
  dependencies:
    "@babel/parser" "^7.16.4"
    "@vue/shared" "3.2.37"
    estree-walker "^2.0.2"
    source-map "^0.6.1"

"@vue/compiler-dom@3.2.37", "@vue/compiler-dom@^3.2.37":
  version "3.2.37"
  resolved "http://artifactory.intra.xiaojukeji.com/artifactory/api/npm/npm/@vue/compiler-dom/-/compiler-dom-3.2.37.tgz?dl=https%3A%2F%2Fregistry.npmmirror.com%2F%40vue%2Fcompiler-dom%2F-%2Fcompiler-dom-3.2.37.tgz#10d2427a789e7c707c872da9d678c82a0c6582b5"
  integrity sha1-ENJCeniefHB8hy2p1njIKgxlgrU=
  dependencies:
    "@vue/compiler-core" "3.2.37"
    "@vue/shared" "3.2.37"

"@vue/compiler-sfc@3.2.37", "@vue/compiler-sfc@^3.2.37":
  version "3.2.37"
  resolved "http://artifactory.intra.xiaojukeji.com/artifactory/api/npm/npm/@vue/compiler-sfc/-/compiler-sfc-3.2.37.tgz?dl=https%3A%2F%2Fregistry.npmmirror.com%2F%40vue%2Fcompiler-sfc%2F-%2Fcompiler-sfc-3.2.37.tgz#3103af3da2f40286edcd85ea495dcb35bc7f5ff4"
  integrity sha1-MQOvPaL0AobtzYXqSV3LNbx/X/Q=
  dependencies:
    "@babel/parser" "^7.16.4"
    "@vue/compiler-core" "3.2.37"
    "@vue/compiler-dom" "3.2.37"
    "@vue/compiler-ssr" "3.2.37"
    "@vue/reactivity-transform" "3.2.37"
    "@vue/shared" "3.2.37"
    estree-walker "^2.0.2"
    magic-string "^0.25.7"
    postcss "^8.1.10"
    source-map "^0.6.1"

"@vue/compiler-ssr@3.2.37":
  version "3.2.37"
  resolved "http://artifactory.intra.xiaojukeji.com/artifactory/api/npm/npm/@vue/compiler-ssr/-/compiler-ssr-3.2.37.tgz?dl=https%3A%2F%2Fregistry.npmmirror.com%2F%40vue%2Fcompiler-ssr%2F-%2Fcompiler-ssr-3.2.37.tgz#4899d19f3a5fafd61524a9d1aee8eb0505313cff"
  integrity sha1-SJnRnzpfr9YVJKnRrujrBQUxPP8=
  dependencies:
    "@vue/compiler-dom" "3.2.37"
    "@vue/shared" "3.2.37"

"@vue/devtools-api@^6.0.0":
  version "6.2.1"
  resolved "http://artifactory.intra.xiaojukeji.com/artifactory/api/npm/npm/@vue/devtools-api/-/devtools-api-6.2.1.tgz?dl=https%3A%2F%2Fregistry.npmmirror.com%2F%40vue%2Fdevtools-api%2F-%2Fdevtools-api-6.2.1.tgz#6f2948ff002ec46df01420dfeff91de16c5b4092"
  integrity sha1-bylI/wAuxG3wFCDf7/kd4WxbQJI=

"@vue/reactivity-transform@3.2.37":
  version "3.2.37"
  resolved "http://artifactory.intra.xiaojukeji.com/artifactory/api/npm/npm/@vue/reactivity-transform/-/reactivity-transform-3.2.37.tgz?dl=https%3A%2F%2Fregistry.npmmirror.com%2F%40vue%2Freactivity-transform%2F-%2Freactivity-transform-3.2.37.tgz#0caa47c4344df4ae59f5a05dde2a8758829f8eca"
  integrity sha1-DKpHxDRN9K5Z9aBd3iqHWIKfjso=
  dependencies:
    "@babel/parser" "^7.16.4"
    "@vue/compiler-core" "3.2.37"
    "@vue/shared" "3.2.37"
    estree-walker "^2.0.2"
    magic-string "^0.25.7"

"@vue/reactivity@3.2.37", "@vue/reactivity@^3.2.37":
  version "3.2.37"
  resolved "http://artifactory.intra.xiaojukeji.com/artifactory/api/npm/npm/@vue/reactivity/-/reactivity-3.2.37.tgz?dl=https%3A%2F%2Fregistry.npmmirror.com%2F%40vue%2Freactivity%2F-%2Freactivity-3.2.37.tgz#5bc3847ac58828e2b78526e08219e0a1089f8848"
  integrity sha1-W8OEesWIKOK3hSbgghngoQifiEg=
  dependencies:
    "@vue/shared" "3.2.37"

"@vue/runtime-core@3.2.37":
  version "3.2.37"
  resolved "http://artifactory.intra.xiaojukeji.com/artifactory/api/npm/npm/@vue/runtime-core/-/runtime-core-3.2.37.tgz?dl=https%3A%2F%2Fregistry.npmmirror.com%2F%40vue%2Fruntime-core%2F-%2Fruntime-core-3.2.37.tgz#7ba7c54bb56e5d70edfc2f05766e1ca8519966e3"
  integrity sha1-e6fFS7VuXXDt/C8Fdm4cqFGZZuM=
  dependencies:
    "@vue/reactivity" "3.2.37"
    "@vue/shared" "3.2.37"

"@vue/runtime-dom@3.2.37":
  version "3.2.37"
  resolved "http://artifactory.intra.xiaojukeji.com/artifactory/api/npm/npm/@vue/runtime-dom/-/runtime-dom-3.2.37.tgz?dl=https%3A%2F%2Fregistry.npmmirror.com%2F%40vue%2Fruntime-dom%2F-%2Fruntime-dom-3.2.37.tgz#002bdc8228fa63949317756fb1e92cdd3f9f4bbd"
  integrity sha1-ACvcgij6Y5STF3Vvseks3T+fS70=
  dependencies:
    "@vue/runtime-core" "3.2.37"
    "@vue/shared" "3.2.37"
    csstype "^2.6.8"

"@vue/server-renderer@3.2.37":
  version "3.2.37"
  resolved "http://artifactory.intra.xiaojukeji.com/artifactory/api/npm/npm/@vue/server-renderer/-/server-renderer-3.2.37.tgz?dl=https%3A%2F%2Fregistry.npmmirror.com%2F%40vue%2Fserver-renderer%2F-%2Fserver-renderer-3.2.37.tgz#840a29c8dcc29bddd9b5f5ffa22b95c0e72afdfc"
  integrity sha1-hAopyNzCm93ZtfX/oiuVwOcq/fw=
  dependencies:
    "@vue/compiler-ssr" "3.2.37"
    "@vue/shared" "3.2.37"

"@vue/shared@3.2.37", "@vue/shared@^3.2.37":
  version "3.2.37"
  resolved "http://artifactory.intra.xiaojukeji.com/artifactory/api/npm/npm/@vue/shared/-/shared-3.2.37.tgz?dl=https%3A%2F%2Fregistry.npmmirror.com%2F%40vue%2Fshared%2F-%2Fshared-3.2.37.tgz#8e6adc3f2759af52f0e85863dfb0b711ecc5c702"
  integrity sha1-jmrcPydZr1Lw6Fhj37C3EezFxwI=

csstype@^2.6.8:
  version "2.6.20"
  resolved "http://artifactory.intra.xiaojukeji.com/artifactory/api/npm/npm/csstype/-/csstype-2.6.20.tgz?dl=https%3A%2F%2Fregistry.npmmirror.com%2Fcsstype%2F-%2Fcsstype-2.6.20.tgz#9229c65ea0b260cf4d3d997cb06288e36a8d6dda"
  integrity sha1-kinGXqCyYM9NPZl8sGKI42qNbdo=

esbuild-android-64@0.14.54:
  version "0.14.54"
  resolved "http://artifactory.intra.xiaojukeji.com/artifactory/api/npm/npm/esbuild-android-64/-/esbuild-android-64-0.14.54.tgz?dl=https%3A%2F%2Fregistry.npmmirror.com%2Fesbuild-android-64%2F-%2Fesbuild-android-64-0.14.54.tgz#505f41832884313bbaffb27704b8bcaa2d8616be"
  integrity sha1-UF9BgyiEMTu6/7J3BLi8qi2GFr4=

esbuild-android-arm64@0.14.54:
  version "0.14.54"
  resolved "http://artifactory.intra.xiaojukeji.com/artifactory/api/npm/npm/esbuild-android-arm64/-/esbuild-android-arm64-0.14.54.tgz?dl=https%3A%2F%2Fregistry.npmmirror.com%2Fesbuild-android-arm64%2F-%2Fesbuild-android-arm64-0.14.54.tgz#8ce69d7caba49646e009968fe5754a21a9871771"
  integrity sha1-jOadfKuklkbgCZaP5XVKIamHF3E=

esbuild-darwin-64@0.14.54:
  version "0.14.54"
  resolved "http://artifactory.intra.xiaojukeji.com/artifactory/api/npm/npm/esbuild-darwin-64/-/esbuild-darwin-64-0.14.54.tgz?dl=https%3A%2F%2Fregistry.npmmirror.com%2Fesbuild-darwin-64%2F-%2Fesbuild-darwin-64-0.14.54.tgz#24ba67b9a8cb890a3c08d9018f887cc221cdda25"
  integrity sha1-JLpnuajLiQo8CNkBj4h8wiHN2iU=

esbuild-darwin-arm64@0.14.54:
  version "0.14.54"
  resolved "http://artifactory.intra.xiaojukeji.com/artifactory/api/npm/npm/esbuild-darwin-arm64/-/esbuild-darwin-arm64-0.14.54.tgz?dl=https%3A%2F%2Fregistry.npmmirror.com%2Fesbuild-darwin-arm64%2F-%2Fesbuild-darwin-arm64-0.14.54.tgz#3f7cdb78888ee05e488d250a2bdaab1fa671bf73"
  integrity sha1-P3zbeIiO4F5IjSUKK9qrH6Zxv3M=

esbuild-freebsd-64@0.14.54:
  version "0.14.54"
  resolved "http://artifactory.intra.xiaojukeji.com/artifactory/api/npm/npm/esbuild-freebsd-64/-/esbuild-freebsd-64-0.14.54.tgz?dl=https%3A%2F%2Fregistry.npmmirror.com%2Fesbuild-freebsd-64%2F-%2Fesbuild-freebsd-64-0.14.54.tgz#09250f997a56ed4650f3e1979c905ffc40bbe94d"
  integrity sha1-CSUPmXpW7UZQ8+GXnJBf/EC76U0=

esbuild-freebsd-arm64@0.14.54:
  version "0.14.54"
  resolved "http://artifactory.intra.xiaojukeji.com/artifactory/api/npm/npm/esbuild-freebsd-arm64/-/esbuild-freebsd-arm64-0.14.54.tgz?dl=https%3A%2F%2Fregistry.npmmirror.com%2Fesbuild-freebsd-arm64%2F-%2Fesbuild-freebsd-arm64-0.14.54.tgz#bafb46ed04fc5f97cbdb016d86947a79579f8e48"
  integrity sha1-uvtG7QT8X5fL2wFthpR6eVefjkg=

esbuild-linux-32@0.14.54:
  version "0.14.54"
  resolved "http://artifactory.intra.xiaojukeji.com/artifactory/api/npm/npm/esbuild-linux-32/-/esbuild-linux-32-0.14.54.tgz?dl=https%3A%2F%2Fregistry.npmmirror.com%2Fesbuild-linux-32%2F-%2Fesbuild-linux-32-0.14.54.tgz#e2a8c4a8efdc355405325033fcebeb941f781fe5"
  integrity sha1-4qjEqO/cNVQFMlAz/OvrlB94H+U=

esbuild-linux-64@0.14.54:
  version "0.14.54"
  resolved "http://artifactory.intra.xiaojukeji.com/artifactory/api/npm/npm/esbuild-linux-64/-/esbuild-linux-64-0.14.54.tgz?dl=https%3A%2F%2Fregistry.npmmirror.com%2Fesbuild-linux-64%2F-%2Fesbuild-linux-64-0.14.54.tgz#de5fdba1c95666cf72369f52b40b03be71226652"
  integrity sha1-3l/boclWZs9yNp9StAsDvnEiZlI=

esbuild-linux-arm64@0.14.54:
  version "0.14.54"
  resolved "http://artifactory.intra.xiaojukeji.com/artifactory/api/npm/npm/esbuild-linux-arm64/-/esbuild-linux-arm64-0.14.54.tgz?dl=https%3A%2F%2Fregistry.npmmirror.com%2Fesbuild-linux-arm64%2F-%2Fesbuild-linux-arm64-0.14.54.tgz#dae4cd42ae9787468b6a5c158da4c84e83b0ce8b"
  integrity sha1-2uTNQq6Xh0aLalwVjaTIToOwzos=

esbuild-linux-arm@0.14.54:
  version "0.14.54"
  resolved "http://artifactory.intra.xiaojukeji.com/artifactory/api/npm/npm/esbuild-linux-arm/-/esbuild-linux-arm-0.14.54.tgz?dl=https%3A%2F%2Fregistry.npmmirror.com%2Fesbuild-linux-arm%2F-%2Fesbuild-linux-arm-0.14.54.tgz#a2c1dff6d0f21dbe8fc6998a122675533ddfcd59"
  integrity sha1-osHf9tDyHb6PxpmKEiZ1Uz3fzVk=

esbuild-linux-mips64le@0.14.54:
  version "0.14.54"
  resolved "http://artifactory.intra.xiaojukeji.com/artifactory/api/npm/npm/esbuild-linux-mips64le/-/esbuild-linux-mips64le-0.14.54.tgz?dl=https%3A%2F%2Fregistry.npmmirror.com%2Fesbuild-linux-mips64le%2F-%2Fesbuild-linux-mips64le-0.14.54.tgz#d9918e9e4cb972f8d6dae8e8655bf9ee131eda34"
  integrity sha1-2ZGOnky5cvjW2ujoZVv57hMe2jQ=

esbuild-linux-ppc64le@0.14.54:
  version "0.14.54"
  resolved "http://artifactory.intra.xiaojukeji.com/artifactory/api/npm/npm/esbuild-linux-ppc64le/-/esbuild-linux-ppc64le-0.14.54.tgz?dl=https%3A%2F%2Fregistry.npmmirror.com%2Fesbuild-linux-ppc64le%2F-%2Fesbuild-linux-ppc64le-0.14.54.tgz#3f9a0f6d41073fb1a640680845c7de52995f137e"
  integrity sha1-P5oPbUEHP7GmQGgIRcfeUplfE34=

esbuild-linux-riscv64@0.14.54:
  version "0.14.54"
  resolved "http://artifactory.intra.xiaojukeji.com/artifactory/api/npm/npm/esbuild-linux-riscv64/-/esbuild-linux-riscv64-0.14.54.tgz?dl=https%3A%2F%2Fregistry.npmmirror.com%2Fesbuild-linux-riscv64%2F-%2Fesbuild-linux-riscv64-0.14.54.tgz#618853c028178a61837bc799d2013d4695e451c8"
  integrity sha1-YYhTwCgXimGDe8eZ0gE9RpXkUcg=

esbuild-linux-s390x@0.14.54:
  version "0.14.54"
  resolved "http://artifactory.intra.xiaojukeji.com/artifactory/api/npm/npm/esbuild-linux-s390x/-/esbuild-linux-s390x-0.14.54.tgz?dl=https%3A%2F%2Fregistry.npmmirror.com%2Fesbuild-linux-s390x%2F-%2Fesbuild-linux-s390x-0.14.54.tgz#d1885c4c5a76bbb5a0fe182e2c8c60eb9e29f2a6"
  integrity sha1-0YhcTFp2u7Wg/hguLIxg654p8qY=

esbuild-netbsd-64@0.14.54:
  version "0.14.54"
  resolved "http://artifactory.intra.xiaojukeji.com/artifactory/api/npm/npm/esbuild-netbsd-64/-/esbuild-netbsd-64-0.14.54.tgz?dl=https%3A%2F%2Fregistry.npmmirror.com%2Fesbuild-netbsd-64%2F-%2Fesbuild-netbsd-64-0.14.54.tgz#69ae917a2ff241b7df1dbf22baf04bd330349e81"
  integrity sha1-aa6Rei/yQbffHb8iuvBL0zA0noE=

esbuild-openbsd-64@0.14.54:
  version "0.14.54"
  resolved "http://artifactory.intra.xiaojukeji.com/artifactory/api/npm/npm/esbuild-openbsd-64/-/esbuild-openbsd-64-0.14.54.tgz?dl=https%3A%2F%2Fregistry.npmmirror.com%2Fesbuild-openbsd-64%2F-%2Fesbuild-openbsd-64-0.14.54.tgz#db4c8495287a350a6790de22edea247a57c5d47b"
  integrity sha1-20yElSh6NQpnkN4i7eokelfF1Hs=

esbuild-sunos-64@0.14.54:
  version "0.14.54"
  resolved "http://artifactory.intra.xiaojukeji.com/artifactory/api/npm/npm/esbuild-sunos-64/-/esbuild-sunos-64-0.14.54.tgz?dl=https%3A%2F%2Fregistry.npmmirror.com%2Fesbuild-sunos-64%2F-%2Fesbuild-sunos-64-0.14.54.tgz#54287ee3da73d3844b721c21bc80c1dc7e1bf7da"
  integrity sha1-VCh+49pz04RLchwhvIDB3H4b99o=

esbuild-windows-32@0.14.54:
  version "0.14.54"
  resolved "http://artifactory.intra.xiaojukeji.com/artifactory/api/npm/npm/esbuild-windows-32/-/esbuild-windows-32-0.14.54.tgz?dl=https%3A%2F%2Fregistry.npmmirror.com%2Fesbuild-windows-32%2F-%2Fesbuild-windows-32-0.14.54.tgz#f8aaf9a5667630b40f0fb3aa37bf01bbd340ce31"
  integrity sha1-+Kr5pWZ2MLQPD7OqN78Bu9NAzjE=

esbuild-windows-64@0.14.54:
  version "0.14.54"
  resolved "http://artifactory.intra.xiaojukeji.com/artifactory/api/npm/npm/esbuild-windows-64/-/esbuild-windows-64-0.14.54.tgz?dl=https%3A%2F%2Fregistry.npmmirror.com%2Fesbuild-windows-64%2F-%2Fesbuild-windows-64-0.14.54.tgz#bf54b51bd3e9b0f1886ffdb224a4176031ea0af4"
  integrity sha1-v1S1G9PpsPGIb/2yJKQXYDHqCvQ=

esbuild-windows-arm64@0.14.54:
  version "0.14.54"
  resolved "http://artifactory.intra.xiaojukeji.com/artifactory/api/npm/npm/esbuild-windows-arm64/-/esbuild-windows-arm64-0.14.54.tgz?dl=https%3A%2F%2Fregistry.npmmirror.com%2Fesbuild-windows-arm64%2F-%2Fesbuild-windows-arm64-0.14.54.tgz#937d15675a15e4b0e4fafdbaa3a01a776a2be982"
  integrity sha1-k30VZ1oV5LDk+v26o6Aad2or6YI=

esbuild@^0.14.47:
  version "0.14.54"
  resolved "http://artifactory.intra.xiaojukeji.com/artifactory/api/npm/npm/esbuild/-/esbuild-0.14.54.tgz?dl=https%3A%2F%2Fregistry.npmmirror.com%2Fesbuild%2F-%2Fesbuild-0.14.54.tgz#8b44dcf2b0f1a66fc22459943dccf477535e9aa2"
  integrity sha1-i0Tc8rDxpm/CJFmUPcz0d1NemqI=
  optionalDependencies:
    "@esbuild/linux-loong64" "0.14.54"
    esbuild-android-64 "0.14.54"
    esbuild-android-arm64 "0.14.54"
    esbuild-darwin-64 "0.14.54"
    esbuild-darwin-arm64 "0.14.54"
    esbuild-freebsd-64 "0.14.54"
    esbuild-freebsd-arm64 "0.14.54"
    esbuild-linux-32 "0.14.54"
    esbuild-linux-64 "0.14.54"
    esbuild-linux-arm "0.14.54"
    esbuild-linux-arm64 "0.14.54"
    esbuild-linux-mips64le "0.14.54"
    esbuild-linux-ppc64le "0.14.54"
    esbuild-linux-riscv64 "0.14.54"
    esbuild-linux-s390x "0.14.54"
    esbuild-netbsd-64 "0.14.54"
    esbuild-openbsd-64 "0.14.54"
    esbuild-sunos-64 "0.14.54"
    esbuild-windows-32 "0.14.54"
    esbuild-windows-64 "0.14.54"
    esbuild-windows-arm64 "0.14.54"

estree-walker@^2.0.2:
  version "2.0.2"
  resolved "http://artifactory.intra.xiaojukeji.com/artifactory/api/npm/npm/estree-walker/-/estree-walker-2.0.2.tgz?dl=https%3A%2F%2Fregistry.npmmirror.com%2Festree-walker%2F-%2Festree-walker-2.0.2.tgz#52f010178c2a4c117a7757cfe942adb7d2da4cac"
  integrity sha1-UvAQF4wqTBF6d1fP6UKtt9LaTKw=

fsevents@~2.3.2:
  version "2.3.2"
  resolved "http://artifactory.intra.xiaojukeji.com/artifactory/api/npm/npm/fsevents/-/fsevents-2.3.2.tgz?dl=https%3A%2F%2Fregistry.npmmirror.com%2Ffsevents%2F-%2Ffsevents-2.3.2.tgz#8a526f78b8fdf4623b709e0b975c52c24c02fd1a"
  integrity sha1-ilJveLj99GI7cJ4Ll1xSwkwC/Ro=

function-bind@^1.1.1:
  version "1.1.1"
  resolved "http://artifactory.intra.xiaojukeji.com/artifactory/api/npm/npm/function-bind/-/function-bind-1.1.1.tgz?dl=https%3A%2F%2Fregistry.npmmirror.com%2Ffunction-bind%2F-%2Ffunction-bind-1.1.1.tgz#a56899d3ea3c9bab874bb9773b7c5ede92f4895d"
  integrity sha1-pWiZ0+o8m6uHS7l3O3xe3pL0iV0=

has@^1.0.3:
  version "1.0.3"
  resolved "http://artifactory.intra.xiaojukeji.com/artifactory/api/npm/npm/has/-/has-1.0.3.tgz?dl=https%3A%2F%2Fregistry.npmmirror.com%2Fhas%2F-%2Fhas-1.0.3.tgz#722d7cbfc1f6aa8241f16dd814e011e1f41e8796"
  integrity sha1-ci18v8H2qoJB8W3YFOAR4fQeh5Y=
  dependencies:
    function-bind "^1.1.1"

is-core-module@^2.9.0:
  version "2.10.0"
  resolved "http://artifactory.intra.xiaojukeji.com/artifactory/api/npm/npm/is-core-module/-/is-core-module-2.10.0.tgz?dl=https%3A%2F%2Fregistry.npmmirror.com%2Fis-core-module%2F-%2Fis-core-module-2.10.0.tgz#9012ede0a91c69587e647514e1d5277019e728ed"
  integrity sha1-kBLt4KkcaVh+ZHUU4dUncBnnKO0=
  dependencies:
    has "^1.0.3"

magic-string@^0.25.7:
  version "0.25.9"
  resolved "http://artifactory.intra.xiaojukeji.com/artifactory/api/npm/npm/magic-string/-/magic-string-0.25.9.tgz?dl=https%3A%2F%2Fregistry.npmmirror.com%2Fmagic-string%2F-%2Fmagic-string-0.25.9.tgz#de7f9faf91ef8a1c91d02c2e5314c8277dbcdd1c"
  integrity sha1-3n+fr5HvihyR0CwuUxTIJ3283Rw=
  dependencies:
    sourcemap-codec "^1.4.8"

nanoid@^3.3.4:
  version "3.3.4"
  resolved "http://artifactory.intra.xiaojukeji.com/artifactory/api/npm/npm/nanoid/-/nanoid-3.3.4.tgz?dl=https%3A%2F%2Fregistry.npmmirror.com%2Fnanoid%2F-%2Fnanoid-3.3.4.tgz#730b67e3cd09e2deacf03c027c81c9d9dbc5e8ab"
  integrity sha1-cwtn480J4t6s8DwCfIHJ2dvF6Ks=

path-parse@^1.0.7:
  version "1.0.7"
  resolved "http://artifactory.intra.xiaojukeji.com/artifactory/api/npm/npm/path-parse/-/path-parse-1.0.7.tgz?dl=https%3A%2F%2Fregistry.npmmirror.com%2Fpath-parse%2F-%2Fpath-parse-1.0.7.tgz#fbc114b60ca42b30d9daf5858e4bd68bbedb6735"
  integrity sha1-+8EUtgykKzDZ2vWFjkvWi77bZzU=

picocolors@^1.0.0:
  version "1.0.0"
  resolved "http://artifactory.intra.xiaojukeji.com/artifactory/api/npm/npm/picocolors/-/picocolors-1.0.0.tgz?dl=https%3A%2F%2Fregistry.npmmirror.com%2Fpicocolors%2F-%2Fpicocolors-1.0.0.tgz#cb5bdc74ff3f51892236eaf79d68bc44564ab81c"
  integrity sha1-y1vcdP8/UYkiNur3nWi8RFZKuBw=

postcss@^8.1.10, postcss@^8.4.14:
  version "8.4.16"
  resolved "http://artifactory.intra.xiaojukeji.com/artifactory/api/npm/npm/postcss/-/postcss-8.4.16.tgz?dl=https%3A%2F%2Fregistry.npmmirror.com%2Fpostcss%2F-%2Fpostcss-8.4.16.tgz#33a1d675fac39941f5f445db0de4db2b6e01d43c"
  integrity sha1-M6HWdfrDmUH19EXbDeTbK24B1Dw=
  dependencies:
    nanoid "^3.3.4"
    picocolors "^1.0.0"
    source-map-js "^1.0.2"

resolve@^1.22.1:
  version "1.22.1"
  resolved "http://artifactory.intra.xiaojukeji.com/artifactory/api/npm/npm/resolve/-/resolve-1.22.1.tgz?dl=https%3A%2F%2Fregistry.npmmirror.com%2Fresolve%2F-%2Fresolve-1.22.1.tgz#27cb2ebb53f91abb49470a928bba7558066ac177"
  integrity sha1-J8suu1P5GrtJRwqSi7p1WAZqwXc=
  dependencies:
    is-core-module "^2.9.0"
    path-parse "^1.0.7"
    supports-preserve-symlinks-flag "^1.0.0"

rollup@^2.75.6:
  version "2.77.2"
  resolved "http://artifactory.intra.xiaojukeji.com/artifactory/api/npm/npm/rollup/-/rollup-2.77.2.tgz?dl=https%3A%2F%2Fregistry.npmmirror.com%2Frollup%2F-%2Frollup-2.77.2.tgz#6b6075c55f9cc2040a5912e6e062151e42e2c4e3"
  integrity sha1-a2B1xV+cwgQKWRLm4GIVHkLixOM=
  optionalDependencies:
    fsevents "~2.3.2"

single-spa-vue@^2.5.1:
  version "2.5.1"
  resolved "http://artifactory.intra.xiaojukeji.com/artifactory/api/npm/npm/single-spa-vue/-/single-spa-vue-2.5.1.tgz?dl=https%3A%2F%2Fregistry.npmmirror.com%2Fsingle-spa-vue%2F-%2Fsingle-spa-vue-2.5.1.tgz#4d7045116eae87449269bf1c9f8362ff304d2847"
  integrity sha1-TXBFEW6uh0SSab8cn4Ni/zBNKEc=

single-spa@^5.9.4:
  version "5.9.4"
  resolved "http://artifactory.intra.xiaojukeji.com/artifactory/api/npm/npm/single-spa/-/single-spa-5.9.4.tgz?dl=https%3A%2F%2Fregistry.npmmirror.com%2Fsingle-spa%2F-%2Fsingle-spa-5.9.4.tgz#2a995b0784867a3f60ceb458de295ee67f045077"
  integrity sha1-KplbB4SGej9gzrRY3ile5n8EUHc=

source-map-js@^1.0.2:
  version "1.0.2"
  resolved "http://artifactory.intra.xiaojukeji.com/artifactory/api/npm/npm/source-map-js/-/source-map-js-1.0.2.tgz?dl=https%3A%2F%2Fregistry.npmmirror.com%2Fsource-map-js%2F-%2Fsource-map-js-1.0.2.tgz#adbc361d9c62df380125e7f161f71c826f1e490c"
  integrity sha1-rbw2HZxi3zgBJefxYfccgm8eSQw=

source-map@^0.6.1:
  version "0.6.1"
  resolved "http://artifactory.intra.xiaojukeji.com/artifactory/api/npm/npm/source-map/-/source-map-0.6.1.tgz?dl=https%3A%2F%2Fregistry.npmmirror.com%2Fsource-map%2F-%2Fsource-map-0.6.1.tgz#74722af32e9614e9c287a8d0bbde48b5e2f1a263"
  integrity sha1-dHIq8y6WFOnCh6jQu95IteLxomM=

sourcemap-codec@^1.4.8:
  version "1.4.8"
  resolved "http://artifactory.intra.xiaojukeji.com/artifactory/api/npm/npm/sourcemap-codec/-/sourcemap-codec-1.4.8.tgz?dl=https%3A%2F%2Fregistry.npmmirror.com%2Fsourcemap-codec%2F-%2Fsourcemap-codec-1.4.8.tgz#ea804bd94857402e6992d05a38ef1ae35a9ab4c4"
  integrity sha1-6oBL2UhXQC5pktBaOO8a41qatMQ=

supports-preserve-symlinks-flag@^1.0.0:
  version "1.0.0"
  resolved "http://artifactory.intra.xiaojukeji.com/artifactory/api/npm/npm/supports-preserve-symlinks-flag/-/supports-preserve-symlinks-flag-1.0.0.tgz?dl=https%3A%2F%2Fregistry.npmmirror.com%2Fsupports-preserve-symlinks-flag%2F-%2Fsupports-preserve-symlinks-flag-1.0.0.tgz#6eda4bd344a3c94aea376d4cc31bc77311039e09"
  integrity sha1-btpL00SjyUrqN21MwxvHcxEDngk=

typescript@^4.6.4:
  version "4.7.4"
  resolved "http://artifactory.intra.xiaojukeji.com/artifactory/api/npm/npm/typescript/-/typescript-4.7.4.tgz?dl=https%3A%2F%2Fregistry.npmmirror.com%2Ftypescript%2F-%2Ftypescript-4.7.4.tgz#1a88596d1cf47d59507a1bcdfb5b9dfe4d488235"
  integrity sha1-GohZbRz0fVlQehvN+1ud/k1IgjU=

vite@^3.0.0:
  version "3.0.4"
  resolved "http://artifactory.intra.xiaojukeji.com/artifactory/api/npm/npm/vite/-/vite-3.0.4.tgz?dl=https%3A%2F%2Fregistry.npmmirror.com%2Fvite%2F-%2Fvite-3.0.4.tgz#c61688d6b97573e96cf5ac25f2d68597b5ce68e8"
  integrity sha1-xhaI1rl1c+ls9awl8taFl7XOaOg=
  dependencies:
    esbuild "^0.14.47"
    postcss "^8.4.14"
    resolve "^1.22.1"
    rollup "^2.75.6"
  optionalDependencies:
    fsevents "~2.3.2"

vue-router@^4.0.13:
  version "4.0.13"
  resolved "http://artifactory.intra.xiaojukeji.com/artifactory/api/npm/npm/vue-router/-/vue-router-4.0.13.tgz?dl=https%3A%2F%2Fregistry.npmmirror.com%2Fvue-router%2F-%2Fvue-router-4.0.13.tgz#47f06e2f8ff6120bfff3c27ade1356cc9de7d870"
  integrity sha1-R/BuL4/2Egv/88J63hNWzJ3n2HA=
  dependencies:
    "@vue/devtools-api" "^6.0.0"

vue-tsc@^0.38.4:
  version "0.38.9"
  resolved "http://artifactory.intra.xiaojukeji.com/artifactory/api/npm/npm/vue-tsc/-/vue-tsc-0.38.9.tgz?dl=https%3A%2F%2Fregistry.npmmirror.com%2Fvue-tsc%2F-%2Fvue-tsc-0.38.9.tgz#9e945937667f704325328db8af1cc6bc7314b85e"
  integrity sha1-npRZN2Z/cEMlMo24rxzGvHMUuF4=
  dependencies:
    "@volar/vue-typescript" "0.38.9"

vue@^3.2.37:
  version "3.2.37"
  resolved "http://artifactory.intra.xiaojukeji.com/artifactory/api/npm/npm/vue/-/vue-3.2.37.tgz?dl=https%3A%2F%2Fregistry.npmmirror.com%2Fvue%2F-%2Fvue-3.2.37.tgz#da220ccb618d78579d25b06c7c21498ca4e5452e"
  integrity sha1-2iIMy2GNeFedJbBsfCFJjKTlRS4=
  dependencies:
    "@vue/compiler-dom" "3.2.37"
    "@vue/compiler-sfc" "3.2.37"
    "@vue/runtime-dom" "3.2.37"
    "@vue/server-renderer" "3.2.37"
    "@vue/shared" "3.2.37"
